
Microsoft Visual Studio Solution File, Format Version 12.00
# Visual Studio Version 16
VisualStudioVersion = 16.0.30517.126
MinimumVisualStudioVersion = 10.0.40219.1
Project("{FAE04EC0-301F-11D3-BF4B-00C04F79EFBC}") = "BachHoaXanh.Web", "BachHoaXanh.Web\BachHoaXanh.Web.csproj", "{4A632287-51C4-449A-92F0-FB796C0192C6}"
EndProject
Project("{FAE04EC0-301F-11D3-BF4B-00C04F79EFBC}") = "BachHoaXanh.Data", "BachHoaXanh.Data\BachHoaXanh.Data.csproj", "{A675B7DF-2477-40FD-817D-8BA05CF8731C}"
EndProject
Global
	GlobalSection(SolutionConfigurationPlatforms) = preSolution
		Debug|Any CPU = Debug|Any CPU
		Release|Any CPU = Release|Any CPU
	EndGlobalSection
	GlobalSection(ProjectConfigurationPlatforms) = postSolution
		{4A632287-51C4-449A-92F0-FB796C0192C6}.Debug|Any CPU.ActiveCfg = Debug|Any CPU
		{4A632287-51C4-449A-92F0-FB796C0192C6}.Debug|Any CPU.Build.0 = Debug|Any CPU
		{4A632287-51C4-449A-92F0-FB796C0192C6}.Release|Any CPU.ActiveCfg = Release|Any CPU
		{4A632287-51C4-449A-92F0-FB796C0192C6}.Release|Any CPU.Build.0 = Release|Any CPU
		{A675B7DF-2477-40FD-817D-8BA05CF8731C}.Debug|Any CPU.ActiveCfg = Debug|Any CPU
		{A675B7DF-2477-40FD-817D-8BA05CF8731C}.Debug|Any CPU.Build.0 = Debug|Any CPU
		{A675B7DF-2477-40FD-817D-8BA05CF8731C}.Release|Any CPU.ActiveCfg = Release|Any CPU
		{A675B7DF-2477-40FD-817D-8BA05CF8731C}.Release|Any CPU.Build.0 = Release|Any CPU
	EndGlobalSection
	GlobalSection(SolutionProperties) = preSolution
		HideSolutionNode = FALSE
	EndGlobalSection
	GlobalSection(ExtensibilityGlobals) = postSolution
		SolutionGuid = {F9CB68CB-9F6F-434E-8DCF-007228849BC6}
	EndGlobalSection
EndGlobal
